
Microsoft Visual Studio Solution File, Format Version 12.00
# Visual Studio Version 17
VisualStudioVersion = 17.14.36518.9 d17.14
MinimumVisualStudioVersion = 10.0.40219.1
Project("{FAE04EC0-301F-11D3-BF4B-00C04F79EFBC}") = "openCV", "openCV\openCV.csproj", "{020EF41D-F67C-4A86-861B-3A071F0E24CF}"
EndProject
Global
	GlobalSection(SolutionConfigurationPlatforms) = preSolution
		Debug|Any CPU = Debug|Any CPU
		Release|Any CPU = Release|Any CPU
	EndGlobalSection
	GlobalSection(ProjectConfigurationPlatforms) = postSolution
		{020EF41D-F67C-4A86-861B-3A071F0E24CF}.Debug|Any CPU.ActiveCfg = Debug|Any CPU
		{020EF41D-F67C-4A86-861B-3A071F0E24CF}.Debug|Any CPU.Build.0 = Debug|Any CPU
		{020EF41D-F67C-4A86-861B-3A071F0E24CF}.Release|Any CPU.ActiveCfg = Release|Any CPU
		{020EF41D-F67C-4A86-861B-3A071F0E24CF}.Release|Any CPU.Build.0 = Release|Any CPU
	EndGlobalSection
	GlobalSection(SolutionProperties) = preSolution
		HideSolutionNode = FALSE
	EndGlobalSection
	GlobalSection(ExtensibilityGlobals) = postSolution
		SolutionGuid = {E69AD8E5-718D-4010-9743-572797499CFA}
	EndGlobalSection
EndGlobal
